
Microsoft Visual Studio Solution File, Format Version 12.00
# Visual Studio Version 17
VisualStudioVersion = 17.3.32922.545
MinimumVisualStudioVersion = 10.0.40219.1
Project("{2150E333-8FDC-42A3-9474-1A3956D46DE8}") = "Library", "Library", "{88C6BDD9-95BF-462A-9585-C5CB14B1EB4D}"
EndProject
Project("{9A19103F-16F7-4668-BE54-9A1E7A4F7556}") = "Library.Domain", "Services\Library\Library.Domain\Library.Domain.csproj", "{AE95ED3D-FDAE-4F44-A1B0-7709C54A8428}"
EndProject
Project("{9A19103F-16F7-4668-BE54-9A1E7A4F7556}") = "Library.Application", "Services\Library\Library.Application\Library.Application.csproj", "{BBCAA495-CF49-44E6-8C06-B0B8D8C5CECB}"
EndProject
Project("{9A19103F-16F7-4668-BE54-9A1E7A4F7556}") = "Library.Infrastructure", "Services\Library\Library.Infrastructure\Library.Infrastructure.csproj", "{45B733BC-F438-48FE-9601-8A7665A30C61}"
EndProject
Project("{9A19103F-16F7-4668-BE54-9A1E7A4F7556}") = "Library.Endpoint.Api", "Services\Library\Library.Endpoint.Api\Library.Endpoint.Api.csproj", "{59F9393C-EBB6-48D7-B894-DD408E83E7F9}"
EndProject
Project("{2150E333-8FDC-42A3-9474-1A3956D46DE8}") = "Services", "Services", "{D219B390-9D8C-4EF8-AE59-F0D47362F508}"
EndProject
Project("{9A19103F-16F7-4668-BE54-9A1E7A4F7556}") = "Library.Endpoint.Worker.Outbox", "Services\Library\Library.Endpoint.Worker.Outbox\Library.Endpoint.Worker.Outbox.csproj", "{AB963CB7-2BEC-4D64-AD22-C265FB2F2B7B}"
EndProject
Project("{9A19103F-16F7-4668-BE54-9A1E7A4F7556}") = "Library.Test", "Services\Library\Library.Test\Library.Test.csproj", "{99299A61-65F6-4C18-87E4-91931A9C5B92}"
EndProject
Project("{2150E333-8FDC-42A3-9474-1A3956D46DE8}") = "Lending", "Lending", "{9BFF3D93-D376-4582-B707-CA6BEC64EEC1}"
EndProject
Project("{9A19103F-16F7-4668-BE54-9A1E7A4F7556}") = "Lending", "Services\Lending\Lending\Lending.csproj", "{1759DF85-941A-438E-ACBE-4B5C29E13E51}"
EndProject
Project("{FAE04EC0-301F-11D3-BF4B-00C04F79EFBC}") = "Lending.Api", "Services\Lending\Lending.Api\Lending.Api.csproj", "{12D76C87-B852-46A7-96C0-2591CE505979}"
EndProject
Project("{2150E333-8FDC-42A3-9474-1A3956D46DE8}") = "Book", "Book", "{686A6A9A-C8E7-4D73-BADF-3AE7288394BD}"
EndProject
Project("{FAE04EC0-301F-11D3-BF4B-00C04F79EFBC}") = "Book", "Services\Book\Book\Book.csproj", "{4FD18F88-9E46-4AD5-9C8E-503625383958}"
EndProject
Project("{FAE04EC0-301F-11D3-BF4B-00C04F79EFBC}") = "Book.Api", "Services\Book\Book.Api\Book.Api.csproj", "{F0A2B7D2-AEDB-49C1-AF45-BFC7CF09763F}"
EndProject
Project("{2150E333-8FDC-42A3-9474-1A3956D46DE8}") = "Member", "Member", "{5C661E41-332B-4496-9255-FF8BCF3B458E}"
EndProject
Project("{FAE04EC0-301F-11D3-BF4B-00C04F79EFBC}") = "Member.Api", "Services\Member\Member.Api\Member.Api.csproj", "{60718AB3-FE2A-44CC-9015-F08F2E167AAE}"
EndProject
Project("{FAE04EC0-301F-11D3-BF4B-00C04F79EFBC}") = "Member", "Services\Member\Member\Member.csproj", "{D9453F62-96A2-4E42-99AB-2BE22729E49E}"
EndProject
Project("{FAE04EC0-301F-11D3-BF4B-00C04F79EFBC}") = "Library.Endpoint.Worker.Inbox", "Services\Library\Library.Endpoint.Worker.Inbox\Library.Endpoint.Worker.Inbox.csproj", "{7B4A95DC-9C21-F3BF-7646-7401A8DE0982}"
EndProject
Global
	GlobalSection(SolutionConfigurationPlatforms) = preSolution
		Debug|Any CPU = Debug|Any CPU
		Release|Any CPU = Release|Any CPU
	EndGlobalSection
	GlobalSection(ProjectConfigurationPlatforms) = postSolution
		{AE95ED3D-FDAE-4F44-A1B0-7709C54A8428}.Debug|Any CPU.ActiveCfg = Debug|Any CPU
		{AE95ED3D-FDAE-4F44-A1B0-7709C54A8428}.Debug|Any CPU.Build.0 = Debug|Any CPU
		{AE95ED3D-FDAE-4F44-A1B0-7709C54A8428}.Release|Any CPU.ActiveCfg = Release|Any CPU
		{AE95ED3D-FDAE-4F44-A1B0-7709C54A8428}.Release|Any CPU.Build.0 = Release|Any CPU
		{BBCAA495-CF49-44E6-8C06-B0B8D8C5CECB}.Debug|Any CPU.ActiveCfg = Debug|Any CPU
		{BBCAA495-CF49-44E6-8C06-B0B8D8C5CECB}.Debug|Any CPU.Build.0 = Debug|Any CPU
		{BBCAA495-CF49-44E6-8C06-B0B8D8C5CECB}.Release|Any CPU.ActiveCfg = Release|Any CPU
		{BBCAA495-CF49-44E6-8C06-B0B8D8C5CECB}.Release|Any CPU.Build.0 = Release|Any CPU
		{45B733BC-F438-48FE-9601-8A7665A30C61}.Debug|Any CPU.ActiveCfg = Debug|Any CPU
		{45B733BC-F438-48FE-9601-8A7665A30C61}.Debug|Any CPU.Build.0 = Debug|Any CPU
		{45B733BC-F438-48FE-9601-8A7665A30C61}.Release|Any CPU.ActiveCfg = Release|Any CPU
		{45B733BC-F438-48FE-9601-8A7665A30C61}.Release|Any CPU.Build.0 = Release|Any CPU
		{59F9393C-EBB6-48D7-B894-DD408E83E7F9}.Debug|Any CPU.ActiveCfg = Debug|Any CPU
		{59F9393C-EBB6-48D7-B894-DD408E83E7F9}.Debug|Any CPU.Build.0 = Debug|Any CPU
		{59F9393C-EBB6-48D7-B894-DD408E83E7F9}.Release|Any CPU.ActiveCfg = Release|Any CPU
		{59F9393C-EBB6-48D7-B894-DD408E83E7F9}.Release|Any CPU.Build.0 = Release|Any CPU
		{AB963CB7-2BEC-4D64-AD22-C265FB2F2B7B}.Debug|Any CPU.ActiveCfg = Debug|Any CPU
		{AB963CB7-2BEC-4D64-AD22-C265FB2F2B7B}.Debug|Any CPU.Build.0 = Debug|Any CPU
		{AB963CB7-2BEC-4D64-AD22-C265FB2F2B7B}.Release|Any CPU.ActiveCfg = Release|Any CPU
		{AB963CB7-2BEC-4D64-AD22-C265FB2F2B7B}.Release|Any CPU.Build.0 = Release|Any CPU
		{99299A61-65F6-4C18-87E4-91931A9C5B92}.Debug|Any CPU.ActiveCfg = Debug|Any CPU
		{99299A61-65F6-4C18-87E4-91931A9C5B92}.Debug|Any CPU.Build.0 = Debug|Any CPU
		{99299A61-65F6-4C18-87E4-91931A9C5B92}.Release|Any CPU.ActiveCfg = Release|Any CPU
		{99299A61-65F6-4C18-87E4-91931A9C5B92}.Release|Any CPU.Build.0 = Release|Any CPU
		{1759DF85-941A-438E-ACBE-4B5C29E13E51}.Debug|Any CPU.ActiveCfg = Debug|Any CPU
		{1759DF85-941A-438E-ACBE-4B5C29E13E51}.Debug|Any CPU.Build.0 = Debug|Any CPU
		{1759DF85-941A-438E-ACBE-4B5C29E13E51}.Release|Any CPU.ActiveCfg = Release|Any CPU
		{1759DF85-941A-438E-ACBE-4B5C29E13E51}.Release|Any CPU.Build.0 = Release|Any CPU
		{12D76C87-B852-46A7-96C0-2591CE505979}.Debug|Any CPU.ActiveCfg = Debug|Any CPU
		{12D76C87-B852-46A7-96C0-2591CE505979}.Debug|Any CPU.Build.0 = Debug|Any CPU
		{12D76C87-B852-46A7-96C0-2591CE505979}.Release|Any CPU.ActiveCfg = Release|Any CPU
		{12D76C87-B852-46A7-96C0-2591CE505979}.Release|Any CPU.Build.0 = Release|Any CPU
		{4FD18F88-9E46-4AD5-9C8E-503625383958}.Debug|Any CPU.ActiveCfg = Debug|Any CPU
		{4FD18F88-9E46-4AD5-9C8E-503625383958}.Debug|Any CPU.Build.0 = Debug|Any CPU
		{4FD18F88-9E46-4AD5-9C8E-503625383958}.Release|Any CPU.ActiveCfg = Release|Any CPU
		{4FD18F88-9E46-4AD5-9C8E-503625383958}.Release|Any CPU.Build.0 = Release|Any CPU
		{F0A2B7D2-AEDB-49C1-AF45-BFC7CF09763F}.Debug|Any CPU.ActiveCfg = Debug|Any CPU
		{F0A2B7D2-AEDB-49C1-AF45-BFC7CF09763F}.Debug|Any CPU.Build.0 = Debug|Any CPU
		{F0A2B7D2-AEDB-49C1-AF45-BFC7CF09763F}.Release|Any CPU.ActiveCfg = Release|Any CPU
		{F0A2B7D2-AEDB-49C1-AF45-BFC7CF09763F}.Release|Any CPU.Build.0 = Release|Any CPU
		{60718AB3-FE2A-44CC-9015-F08F2E167AAE}.Debug|Any CPU.ActiveCfg = Debug|Any CPU
		{60718AB3-FE2A-44CC-9015-F08F2E167AAE}.Debug|Any CPU.Build.0 = Debug|Any CPU
		{60718AB3-FE2A-44CC-9015-F08F2E167AAE}.Release|Any CPU.ActiveCfg = Release|Any CPU
		{60718AB3-FE2A-44CC-9015-F08F2E167AAE}.Release|Any CPU.Build.0 = Release|Any CPU
		{D9453F62-96A2-4E42-99AB-2BE22729E49E}.Debug|Any CPU.ActiveCfg = Debug|Any CPU
		{D9453F62-96A2-4E42-99AB-2BE22729E49E}.Debug|Any CPU.Build.0 = Debug|Any CPU
		{D9453F62-96A2-4E42-99AB-2BE22729E49E}.Release|Any CPU.ActiveCfg = Release|Any CPU
		{D9453F62-96A2-4E42-99AB-2BE22729E49E}.Release|Any CPU.Build.0 = Release|Any CPU
		{7B4A95DC-9C21-F3BF-7646-7401A8DE0982}.Debug|Any CPU.ActiveCfg = Debug|Any CPU
		{7B4A95DC-9C21-F3BF-7646-7401A8DE0982}.Debug|Any CPU.Build.0 = Debug|Any CPU
		{7B4A95DC-9C21-F3BF-7646-7401A8DE0982}.Release|Any CPU.ActiveCfg = Release|Any CPU
		{7B4A95DC-9C21-F3BF-7646-7401A8DE0982}.Release|Any CPU.Build.0 = Release|Any CPU
	EndGlobalSection
	GlobalSection(SolutionProperties) = preSolution
		HideSolutionNode = FALSE
	EndGlobalSection
	GlobalSection(NestedProjects) = preSolution
		{88C6BDD9-95BF-462A-9585-C5CB14B1EB4D} = {D219B390-9D8C-4EF8-AE59-F0D47362F508}
		{AE95ED3D-FDAE-4F44-A1B0-7709C54A8428} = {88C6BDD9-95BF-462A-9585-C5CB14B1EB4D}
		{BBCAA495-CF49-44E6-8C06-B0B8D8C5CECB} = {88C6BDD9-95BF-462A-9585-C5CB14B1EB4D}
		{45B733BC-F438-48FE-9601-8A7665A30C61} = {88C6BDD9-95BF-462A-9585-C5CB14B1EB4D}
		{59F9393C-EBB6-48D7-B894-DD408E83E7F9} = {88C6BDD9-95BF-462A-9585-C5CB14B1EB4D}
		{AB963CB7-2BEC-4D64-AD22-C265FB2F2B7B} = {88C6BDD9-95BF-462A-9585-C5CB14B1EB4D}
		{99299A61-65F6-4C18-87E4-91931A9C5B92} = {88C6BDD9-95BF-462A-9585-C5CB14B1EB4D}
		{9BFF3D93-D376-4582-B707-CA6BEC64EEC1} = {D219B390-9D8C-4EF8-AE59-F0D47362F508}
		{1759DF85-941A-438E-ACBE-4B5C29E13E51} = {9BFF3D93-D376-4582-B707-CA6BEC64EEC1}
		{12D76C87-B852-46A7-96C0-2591CE505979} = {9BFF3D93-D376-4582-B707-CA6BEC64EEC1}
		{686A6A9A-C8E7-4D73-BADF-3AE7288394BD} = {D219B390-9D8C-4EF8-AE59-F0D47362F508}
		{4FD18F88-9E46-4AD5-9C8E-503625383958} = {686A6A9A-C8E7-4D73-BADF-3AE7288394BD}
		{F0A2B7D2-AEDB-49C1-AF45-BFC7CF09763F} = {686A6A9A-C8E7-4D73-BADF-3AE7288394BD}
		{5C661E41-332B-4496-9255-FF8BCF3B458E} = {D219B390-9D8C-4EF8-AE59-F0D47362F508}
		{60718AB3-FE2A-44CC-9015-F08F2E167AAE} = {5C661E41-332B-4496-9255-FF8BCF3B458E}
		{D9453F62-96A2-4E42-99AB-2BE22729E49E} = {5C661E41-332B-4496-9255-FF8BCF3B458E}
		{7B4A95DC-9C21-F3BF-7646-7401A8DE0982} = {88C6BDD9-95BF-462A-9585-C5CB14B1EB4D}
	EndGlobalSection
	GlobalSection(ExtensibilityGlobals) = postSolution
		SolutionGuid = {04EE5569-4196-47F2-A52B-CF1049C542F2}
	EndGlobalSection
EndGlobal
