
Microsoft Visual Studio Solution File, Format Version 12.00
# Visual Studio Version 17
VisualStudioVersion = 17.3.32922.545
MinimumVisualStudioVersion = 10.0.40219.1
Project("{2150E333-8FDC-42A3-9474-1A3956D46DE8}") = "LibraryMicroservice", "LibraryMicroservice", "{88C6BDD9-95BF-462A-9585-C5CB14B1EB4D}"
EndProject
Project("{9A19103F-16F7-4668-BE54-9A1E7A4F7556}") = "LibraryMicroservice.Domain", "Microservices\LibraryMicroservice\LibraryMicroservice.Domain\LibraryMicroservice.Domain.csproj", "{AE95ED3D-FDAE-4F44-A1B0-7709C54A8428}"
EndProject
Project("{9A19103F-16F7-4668-BE54-9A1E7A4F7556}") = "LibraryMicroservice.Application", "Microservices\LibraryMicroservice\LibraryMicroservice.Application\LibraryMicroservice.Application.csproj", "{BBCAA495-CF49-44E6-8C06-B0B8D8C5CECB}"
EndProject
Project("{9A19103F-16F7-4668-BE54-9A1E7A4F7556}") = "LibraryMicroservice.Infrastructures", "Microservices\LibraryMicroservice\LibraryMicroservice.Infrastructures\LibraryMicroservice.Infrastructures.csproj", "{396189BC-44B8-42B3-A44E-CCA1D114F6CA}"
EndProject
Project("{9A19103F-16F7-4668-BE54-9A1E7A4F7556}") = "LibraryMicroservice.Persistence", "Microservices\LibraryMicroservice\LibraryMicroservice.Persistence\LibraryMicroservice.Persistence.csproj", "{45B733BC-F438-48FE-9601-8A7665A30C61}"
EndProject
Project("{9A19103F-16F7-4668-BE54-9A1E7A4F7556}") = "LibraryMicroservice.Api", "Microservices\LibraryMicroservice\LibraryMicroservice.Api\LibraryMicroservice.Api.csproj", "{59F9393C-EBB6-48D7-B894-DD408E83E7F9}"
EndProject
Project("{2150E333-8FDC-42A3-9474-1A3956D46DE8}") = "Microservices", "Microservices", "{D219B390-9D8C-4EF8-AE59-F0D47362F508}"
EndProject
Project("{2150E333-8FDC-42A3-9474-1A3956D46DE8}") = "Framework", "Framework", "{084E41B7-2029-4EB7-8CC3-EDBEE5C66534}"
EndProject
Project("{FAE04EC0-301F-11D3-BF4B-00C04F79EFBC}") = "LibraryMicroservice.Test", "Microservices\LibraryMicroservice\LibraryMicroservice.Test\LibraryMicroservice.Test.csproj", "{038550C3-ACC5-4FA6-B9C8-366F71F15CAC}"
EndProject
Project("{FAE04EC0-301F-11D3-BF4B-00C04F79EFBC}") = "LibraryMicroservice.Resources", "Microservices\LibraryMicroservice\LibraryMicroservice.Resources\LibraryMicroservice.Resources.csproj", "{18821147-56E3-4F6E-A96E-3CDB863B9EF6}"
EndProject
Project("{FAE04EC0-301F-11D3-BF4B-00C04F79EFBC}") = "MGH.Core.Application", "Framework\MGH.Core.Application\MGH.Core.Application.csproj", "{B52AAC53-8D2E-45B1-A0C4-F6293379DF53}"
EndProject
Project("{FAE04EC0-301F-11D3-BF4B-00C04F79EFBC}") = "MGH.Core.CrossCutting", "Framework\MGH.Core.CrossCutting\MGH.Core.CrossCutting.csproj", "{BE2E5B6B-1DEC-4AD2-8649-2551E6EE4126}"
EndProject
Project("{FAE04EC0-301F-11D3-BF4B-00C04F79EFBC}") = "MGH.Core.Domain", "Framework\MGH.Core.Domain\MGH.Core.Domain.csproj", "{42D38B5F-BE80-48B3-9EE6-FA11F524C6EE}"
EndProject
Project("{FAE04EC0-301F-11D3-BF4B-00C04F79EFBC}") = "MGH.Core.ElasticSearch", "Framework\MGH.Core.ElasticSearch\MGH.Core.ElasticSearch.csproj", "{47E2D613-6B19-49DA-97DB-F365AE027327}"
EndProject
Project("{FAE04EC0-301F-11D3-BF4B-00C04F79EFBC}") = "MGH.Core.Mailing", "Framework\MGH.Core.Mailing\MGH.Core.Mailing.csproj", "{FC923753-45D5-4A07-A4B2-0616E6754ADE}"
EndProject
Project("{FAE04EC0-301F-11D3-BF4B-00C04F79EFBC}") = "MGH.Core.Persistence", "Framework\MGH.Core.Persistence\MGH.Core.Persistence.csproj", "{067758BC-B465-4B37-BC80-5B5F513624C8}"
EndProject
Project("{FAE04EC0-301F-11D3-BF4B-00C04F79EFBC}") = "MGH.Core.Security", "Framework\MGH.Core.Security\MGH.Core.Security.csproj", "{E8DD0EC7-888C-4502-B668-24376D0E8364}"
EndProject
Project("{FAE04EC0-301F-11D3-BF4B-00C04F79EFBC}") = "MGH.Swagger", "Framework\MGH.Swagger\MGH.Swagger.csproj", "{AD7CDD7B-F019-4718-855F-0FC0D74083A7}"
EndProject
Project("{FAE04EC0-301F-11D3-BF4B-00C04F79EFBC}") = "MGH.Core.Endpoint", "Framework\MGH.Core.Endpoint\MGH.Core.Endpoint.csproj", "{E6693C38-3F24-485C-80E8-66092413C5E4}"
EndProject
Global
	GlobalSection(SolutionConfigurationPlatforms) = preSolution
		Debug|Any CPU = Debug|Any CPU
		Release|Any CPU = Release|Any CPU
	EndGlobalSection
	GlobalSection(ProjectConfigurationPlatforms) = postSolution
		{AE95ED3D-FDAE-4F44-A1B0-7709C54A8428}.Debug|Any CPU.ActiveCfg = Debug|Any CPU
		{AE95ED3D-FDAE-4F44-A1B0-7709C54A8428}.Debug|Any CPU.Build.0 = Debug|Any CPU
		{AE95ED3D-FDAE-4F44-A1B0-7709C54A8428}.Release|Any CPU.ActiveCfg = Release|Any CPU
		{AE95ED3D-FDAE-4F44-A1B0-7709C54A8428}.Release|Any CPU.Build.0 = Release|Any CPU
		{BBCAA495-CF49-44E6-8C06-B0B8D8C5CECB}.Debug|Any CPU.ActiveCfg = Debug|Any CPU
		{BBCAA495-CF49-44E6-8C06-B0B8D8C5CECB}.Debug|Any CPU.Build.0 = Debug|Any CPU
		{BBCAA495-CF49-44E6-8C06-B0B8D8C5CECB}.Release|Any CPU.ActiveCfg = Release|Any CPU
		{BBCAA495-CF49-44E6-8C06-B0B8D8C5CECB}.Release|Any CPU.Build.0 = Release|Any CPU
		{396189BC-44B8-42B3-A44E-CCA1D114F6CA}.Debug|Any CPU.ActiveCfg = Debug|Any CPU
		{396189BC-44B8-42B3-A44E-CCA1D114F6CA}.Debug|Any CPU.Build.0 = Debug|Any CPU
		{396189BC-44B8-42B3-A44E-CCA1D114F6CA}.Release|Any CPU.ActiveCfg = Release|Any CPU
		{396189BC-44B8-42B3-A44E-CCA1D114F6CA}.Release|Any CPU.Build.0 = Release|Any CPU
		{45B733BC-F438-48FE-9601-8A7665A30C61}.Debug|Any CPU.ActiveCfg = Debug|Any CPU
		{45B733BC-F438-48FE-9601-8A7665A30C61}.Debug|Any CPU.Build.0 = Debug|Any CPU
		{45B733BC-F438-48FE-9601-8A7665A30C61}.Release|Any CPU.ActiveCfg = Release|Any CPU
		{45B733BC-F438-48FE-9601-8A7665A30C61}.Release|Any CPU.Build.0 = Release|Any CPU
		{59F9393C-EBB6-48D7-B894-DD408E83E7F9}.Debug|Any CPU.ActiveCfg = Debug|Any CPU
		{59F9393C-EBB6-48D7-B894-DD408E83E7F9}.Debug|Any CPU.Build.0 = Debug|Any CPU
		{59F9393C-EBB6-48D7-B894-DD408E83E7F9}.Release|Any CPU.ActiveCfg = Release|Any CPU
		{59F9393C-EBB6-48D7-B894-DD408E83E7F9}.Release|Any CPU.Build.0 = Release|Any CPU
		{038550C3-ACC5-4FA6-B9C8-366F71F15CAC}.Debug|Any CPU.ActiveCfg = Debug|Any CPU
		{038550C3-ACC5-4FA6-B9C8-366F71F15CAC}.Debug|Any CPU.Build.0 = Debug|Any CPU
		{038550C3-ACC5-4FA6-B9C8-366F71F15CAC}.Release|Any CPU.ActiveCfg = Release|Any CPU
		{038550C3-ACC5-4FA6-B9C8-366F71F15CAC}.Release|Any CPU.Build.0 = Release|Any CPU
		{18821147-56E3-4F6E-A96E-3CDB863B9EF6}.Debug|Any CPU.ActiveCfg = Debug|Any CPU
		{18821147-56E3-4F6E-A96E-3CDB863B9EF6}.Debug|Any CPU.Build.0 = Debug|Any CPU
		{18821147-56E3-4F6E-A96E-3CDB863B9EF6}.Release|Any CPU.ActiveCfg = Release|Any CPU
		{18821147-56E3-4F6E-A96E-3CDB863B9EF6}.Release|Any CPU.Build.0 = Release|Any CPU
		{B52AAC53-8D2E-45B1-A0C4-F6293379DF53}.Debug|Any CPU.ActiveCfg = Debug|Any CPU
		{B52AAC53-8D2E-45B1-A0C4-F6293379DF53}.Debug|Any CPU.Build.0 = Debug|Any CPU
		{B52AAC53-8D2E-45B1-A0C4-F6293379DF53}.Release|Any CPU.ActiveCfg = Release|Any CPU
		{B52AAC53-8D2E-45B1-A0C4-F6293379DF53}.Release|Any CPU.Build.0 = Release|Any CPU
		{BE2E5B6B-1DEC-4AD2-8649-2551E6EE4126}.Debug|Any CPU.ActiveCfg = Debug|Any CPU
		{BE2E5B6B-1DEC-4AD2-8649-2551E6EE4126}.Debug|Any CPU.Build.0 = Debug|Any CPU
		{BE2E5B6B-1DEC-4AD2-8649-2551E6EE4126}.Release|Any CPU.ActiveCfg = Release|Any CPU
		{BE2E5B6B-1DEC-4AD2-8649-2551E6EE4126}.Release|Any CPU.Build.0 = Release|Any CPU
		{42D38B5F-BE80-48B3-9EE6-FA11F524C6EE}.Debug|Any CPU.ActiveCfg = Debug|Any CPU
		{42D38B5F-BE80-48B3-9EE6-FA11F524C6EE}.Debug|Any CPU.Build.0 = Debug|Any CPU
		{42D38B5F-BE80-48B3-9EE6-FA11F524C6EE}.Release|Any CPU.ActiveCfg = Release|Any CPU
		{42D38B5F-BE80-48B3-9EE6-FA11F524C6EE}.Release|Any CPU.Build.0 = Release|Any CPU
		{47E2D613-6B19-49DA-97DB-F365AE027327}.Debug|Any CPU.ActiveCfg = Debug|Any CPU
		{47E2D613-6B19-49DA-97DB-F365AE027327}.Debug|Any CPU.Build.0 = Debug|Any CPU
		{47E2D613-6B19-49DA-97DB-F365AE027327}.Release|Any CPU.ActiveCfg = Release|Any CPU
		{47E2D613-6B19-49DA-97DB-F365AE027327}.Release|Any CPU.Build.0 = Release|Any CPU
		{FC923753-45D5-4A07-A4B2-0616E6754ADE}.Debug|Any CPU.ActiveCfg = Debug|Any CPU
		{FC923753-45D5-4A07-A4B2-0616E6754ADE}.Debug|Any CPU.Build.0 = Debug|Any CPU
		{FC923753-45D5-4A07-A4B2-0616E6754ADE}.Release|Any CPU.ActiveCfg = Release|Any CPU
		{FC923753-45D5-4A07-A4B2-0616E6754ADE}.Release|Any CPU.Build.0 = Release|Any CPU
		{067758BC-B465-4B37-BC80-5B5F513624C8}.Debug|Any CPU.ActiveCfg = Debug|Any CPU
		{067758BC-B465-4B37-BC80-5B5F513624C8}.Debug|Any CPU.Build.0 = Debug|Any CPU
		{067758BC-B465-4B37-BC80-5B5F513624C8}.Release|Any CPU.ActiveCfg = Release|Any CPU
		{067758BC-B465-4B37-BC80-5B5F513624C8}.Release|Any CPU.Build.0 = Release|Any CPU
		{E8DD0EC7-888C-4502-B668-24376D0E8364}.Debug|Any CPU.ActiveCfg = Debug|Any CPU
		{E8DD0EC7-888C-4502-B668-24376D0E8364}.Debug|Any CPU.Build.0 = Debug|Any CPU
		{E8DD0EC7-888C-4502-B668-24376D0E8364}.Release|Any CPU.ActiveCfg = Release|Any CPU
		{E8DD0EC7-888C-4502-B668-24376D0E8364}.Release|Any CPU.Build.0 = Release|Any CPU
		{AD7CDD7B-F019-4718-855F-0FC0D74083A7}.Debug|Any CPU.ActiveCfg = Debug|Any CPU
		{AD7CDD7B-F019-4718-855F-0FC0D74083A7}.Debug|Any CPU.Build.0 = Debug|Any CPU
		{AD7CDD7B-F019-4718-855F-0FC0D74083A7}.Release|Any CPU.ActiveCfg = Release|Any CPU
		{AD7CDD7B-F019-4718-855F-0FC0D74083A7}.Release|Any CPU.Build.0 = Release|Any CPU
		{E6693C38-3F24-485C-80E8-66092413C5E4}.Debug|Any CPU.ActiveCfg = Debug|Any CPU
		{E6693C38-3F24-485C-80E8-66092413C5E4}.Debug|Any CPU.Build.0 = Debug|Any CPU
		{E6693C38-3F24-485C-80E8-66092413C5E4}.Release|Any CPU.ActiveCfg = Release|Any CPU
		{E6693C38-3F24-485C-80E8-66092413C5E4}.Release|Any CPU.Build.0 = Release|Any CPU
	EndGlobalSection
	GlobalSection(SolutionProperties) = preSolution
		HideSolutionNode = FALSE
	EndGlobalSection
	GlobalSection(NestedProjects) = preSolution
		{88C6BDD9-95BF-462A-9585-C5CB14B1EB4D} = {D219B390-9D8C-4EF8-AE59-F0D47362F508}
		{BBCAA495-CF49-44E6-8C06-B0B8D8C5CECB} = {88C6BDD9-95BF-462A-9585-C5CB14B1EB4D}
		{AE95ED3D-FDAE-4F44-A1B0-7709C54A8428} = {88C6BDD9-95BF-462A-9585-C5CB14B1EB4D}
		{396189BC-44B8-42B3-A44E-CCA1D114F6CA} = {88C6BDD9-95BF-462A-9585-C5CB14B1EB4D}
		{45B733BC-F438-48FE-9601-8A7665A30C61} = {88C6BDD9-95BF-462A-9585-C5CB14B1EB4D}
		{59F9393C-EBB6-48D7-B894-DD408E83E7F9} = {88C6BDD9-95BF-462A-9585-C5CB14B1EB4D}
		{038550C3-ACC5-4FA6-B9C8-366F71F15CAC} = {88C6BDD9-95BF-462A-9585-C5CB14B1EB4D}
		{18821147-56E3-4F6E-A96E-3CDB863B9EF6} = {88C6BDD9-95BF-462A-9585-C5CB14B1EB4D}
		{B52AAC53-8D2E-45B1-A0C4-F6293379DF53} = {084E41B7-2029-4EB7-8CC3-EDBEE5C66534}
		{BE2E5B6B-1DEC-4AD2-8649-2551E6EE4126} = {084E41B7-2029-4EB7-8CC3-EDBEE5C66534}
		{42D38B5F-BE80-48B3-9EE6-FA11F524C6EE} = {084E41B7-2029-4EB7-8CC3-EDBEE5C66534}
		{47E2D613-6B19-49DA-97DB-F365AE027327} = {084E41B7-2029-4EB7-8CC3-EDBEE5C66534}
		{FC923753-45D5-4A07-A4B2-0616E6754ADE} = {084E41B7-2029-4EB7-8CC3-EDBEE5C66534}
		{067758BC-B465-4B37-BC80-5B5F513624C8} = {084E41B7-2029-4EB7-8CC3-EDBEE5C66534}
		{E8DD0EC7-888C-4502-B668-24376D0E8364} = {084E41B7-2029-4EB7-8CC3-EDBEE5C66534}
		{AD7CDD7B-F019-4718-855F-0FC0D74083A7} = {084E41B7-2029-4EB7-8CC3-EDBEE5C66534}
		{E6693C38-3F24-485C-80E8-66092413C5E4} = {084E41B7-2029-4EB7-8CC3-EDBEE5C66534}
	EndGlobalSection
	GlobalSection(ExtensibilityGlobals) = postSolution
		SolutionGuid = {04EE5569-4196-47F2-A52B-CF1049C542F2}
	EndGlobalSection
EndGlobal
