
Microsoft Visual Studio Solution File, Format Version 12.00
# Visual Studio Version 17
VisualStudioVersion = 17.3.32922.545
MinimumVisualStudioVersion = 10.0.40219.1
Project("{2150E333-8FDC-42A3-9474-1A3956D46DE8}") = "Library", "Library", "{88C6BDD9-95BF-462A-9585-C5CB14B1EB4D}"
EndProject
Project("{9A19103F-16F7-4668-BE54-9A1E7A4F7556}") = "Library.Domain", "Microservices\Library\src\Domain\Library.Domain\Library.Domain.csproj", "{AE95ED3D-FDAE-4F44-A1B0-7709C54A8428}"
EndProject
Project("{9A19103F-16F7-4668-BE54-9A1E7A4F7556}") = "Library.Application", "Microservices\Library\src\Application\Library.Application\Library.Application.csproj", "{BBCAA495-CF49-44E6-8C06-B0B8D8C5CECB}"
EndProject
Project("{9A19103F-16F7-4668-BE54-9A1E7A4F7556}") = "Library.Infrastructures", "Microservices\Library\src\Infrustructure\Library.Infrastructures\Library.Infrastructures.csproj", "{396189BC-44B8-42B3-A44E-CCA1D114F6CA}"
EndProject
Project("{9A19103F-16F7-4668-BE54-9A1E7A4F7556}") = "Library.Persistence", "Microservices\Library\src\Infrustructure\Library.Persistence\Library.Persistence.csproj", "{45B733BC-F438-48FE-9601-8A7665A30C61}"
EndProject
Project("{9A19103F-16F7-4668-BE54-9A1E7A4F7556}") = "Library.Api", "Microservices\Library\src\Endpoint\Library.Api\Library.Api.csproj", "{59F9393C-EBB6-48D7-B894-DD408E83E7F9}"
EndProject
Project("{2150E333-8FDC-42A3-9474-1A3956D46DE8}") = "Microservices", "Microservices", "{D219B390-9D8C-4EF8-AE59-F0D47362F508}"
EndProject
Project("{2150E333-8FDC-42A3-9474-1A3956D46DE8}") = "Framework", "Framework", "{084E41B7-2029-4EB7-8CC3-EDBEE5C66534}"
EndProject
Project("{FAE04EC0-301F-11D3-BF4B-00C04F79EFBC}") = "Library.Test", "Microservices\Library\test\Library.Test\Library.Test.csproj", "{038550C3-ACC5-4FA6-B9C8-366F71F15CAC}"
EndProject
Project("{FAE04EC0-301F-11D3-BF4B-00C04F79EFBC}") = "MGH.Core.Application", "Framework\MGH.Core.Application\MGH.Core.Application.csproj", "{B52AAC53-8D2E-45B1-A0C4-F6293379DF53}"
EndProject
Project("{FAE04EC0-301F-11D3-BF4B-00C04F79EFBC}") = "MGH.Core.CrossCutting", "Framework\MGH.Core.CrossCutting\MGH.Core.CrossCutting.csproj", "{BE2E5B6B-1DEC-4AD2-8649-2551E6EE4126}"
EndProject
Project("{FAE04EC0-301F-11D3-BF4B-00C04F79EFBC}") = "MGH.Core.Domain", "Framework\MGH.Core.Domain\MGH.Core.Domain.csproj", "{42D38B5F-BE80-48B3-9EE6-FA11F524C6EE}"
EndProject
Project("{FAE04EC0-301F-11D3-BF4B-00C04F79EFBC}") = "MGH.Core.Infrastructure", "Framework\MGH.Core.Infrastructure\MGH.Core.Infrastructure.csproj", "{47E2D613-6B19-49DA-97DB-F365AE027327}"
EndProject
Project("{FAE04EC0-301F-11D3-BF4B-00C04F79EFBC}") = "MGH.Core.Endpoint", "Framework\MGH.Core.Endpoint\MGH.Core.Endpoint.csproj", "{E6693C38-3F24-485C-80E8-66092413C5E4}"
EndProject
Project("{2150E333-8FDC-42A3-9474-1A3956D46DE8}") = "src", "src", "{C43F332F-A615-438C-8DAF-6DD04C84241A}"
EndProject
Project("{2150E333-8FDC-42A3-9474-1A3956D46DE8}") = "test", "test", "{6AF6CF79-FC68-4BD1-93DA-141D37EF993D}"
EndProject
Project("{2150E333-8FDC-42A3-9474-1A3956D46DE8}") = "Domain", "Domain", "{C629CDA6-C326-4058-8B03-893C7926FD0D}"
EndProject
Project("{2150E333-8FDC-42A3-9474-1A3956D46DE8}") = "Application", "Application", "{7F64302A-616F-495C-9672-C1FCF2ACDB6A}"
EndProject
Project("{2150E333-8FDC-42A3-9474-1A3956D46DE8}") = "Infrastructure", "Infrastructure", "{B21C69F4-81B4-4FA9-8DF7-685882C0BA3D}"
EndProject
Project("{2150E333-8FDC-42A3-9474-1A3956D46DE8}") = "Endpoint", "Endpoint", "{C8826EBC-CA77-4268-8284-D9B96A8C97A2}"
EndProject
Project("{2150E333-8FDC-42A3-9474-1A3956D46DE8}") = "docker-compose", "docker-compose", "{784CF392-FAC9-410B-9DFE-28A624E78015}"
	ProjectSection(SolutionItems) = preProject
		Microservices\docker-compose\elk1.yaml = Microservices\docker-compose\elk1.yaml
		Microservices\docker-compose\elk2.yaml = Microservices\docker-compose\elk2.yaml
		Microservices\docker-compose\elk3.yaml = Microservices\docker-compose\elk3.yaml
		Microservices\docker-compose\RabbitMqCompose.yml = Microservices\docker-compose\RabbitMqCompose.yml
	EndProjectSection
EndProject
Project("{FAE04EC0-301F-11D3-BF4B-00C04F79EFBC}") = "Library.Worker.Outbox", "Microservices\Library\src\Endpoint\Library.Worker.Outbox\Library.Worker.Outbox.csproj", "{AB963CB7-2BEC-4D64-AD22-C265FB2F2B7B}"
EndProject
Global
	GlobalSection(SolutionConfigurationPlatforms) = preSolution
		Debug|Any CPU = Debug|Any CPU
		Release|Any CPU = Release|Any CPU
	EndGlobalSection
	GlobalSection(ProjectConfigurationPlatforms) = postSolution
		{AE95ED3D-FDAE-4F44-A1B0-7709C54A8428}.Debug|Any CPU.ActiveCfg = Debug|Any CPU
		{AE95ED3D-FDAE-4F44-A1B0-7709C54A8428}.Debug|Any CPU.Build.0 = Debug|Any CPU
		{AE95ED3D-FDAE-4F44-A1B0-7709C54A8428}.Release|Any CPU.ActiveCfg = Release|Any CPU
		{AE95ED3D-FDAE-4F44-A1B0-7709C54A8428}.Release|Any CPU.Build.0 = Release|Any CPU
		{BBCAA495-CF49-44E6-8C06-B0B8D8C5CECB}.Debug|Any CPU.ActiveCfg = Debug|Any CPU
		{BBCAA495-CF49-44E6-8C06-B0B8D8C5CECB}.Debug|Any CPU.Build.0 = Debug|Any CPU
		{BBCAA495-CF49-44E6-8C06-B0B8D8C5CECB}.Release|Any CPU.ActiveCfg = Release|Any CPU
		{BBCAA495-CF49-44E6-8C06-B0B8D8C5CECB}.Release|Any CPU.Build.0 = Release|Any CPU
		{396189BC-44B8-42B3-A44E-CCA1D114F6CA}.Debug|Any CPU.ActiveCfg = Debug|Any CPU
		{396189BC-44B8-42B3-A44E-CCA1D114F6CA}.Debug|Any CPU.Build.0 = Debug|Any CPU
		{396189BC-44B8-42B3-A44E-CCA1D114F6CA}.Release|Any CPU.ActiveCfg = Release|Any CPU
		{396189BC-44B8-42B3-A44E-CCA1D114F6CA}.Release|Any CPU.Build.0 = Release|Any CPU
		{45B733BC-F438-48FE-9601-8A7665A30C61}.Debug|Any CPU.ActiveCfg = Debug|Any CPU
		{45B733BC-F438-48FE-9601-8A7665A30C61}.Debug|Any CPU.Build.0 = Debug|Any CPU
		{45B733BC-F438-48FE-9601-8A7665A30C61}.Release|Any CPU.ActiveCfg = Release|Any CPU
		{45B733BC-F438-48FE-9601-8A7665A30C61}.Release|Any CPU.Build.0 = Release|Any CPU
		{59F9393C-EBB6-48D7-B894-DD408E83E7F9}.Debug|Any CPU.ActiveCfg = Debug|Any CPU
		{59F9393C-EBB6-48D7-B894-DD408E83E7F9}.Debug|Any CPU.Build.0 = Debug|Any CPU
		{59F9393C-EBB6-48D7-B894-DD408E83E7F9}.Release|Any CPU.ActiveCfg = Release|Any CPU
		{59F9393C-EBB6-48D7-B894-DD408E83E7F9}.Release|Any CPU.Build.0 = Release|Any CPU
		{038550C3-ACC5-4FA6-B9C8-366F71F15CAC}.Debug|Any CPU.ActiveCfg = Debug|Any CPU
		{038550C3-ACC5-4FA6-B9C8-366F71F15CAC}.Debug|Any CPU.Build.0 = Debug|Any CPU
		{038550C3-ACC5-4FA6-B9C8-366F71F15CAC}.Release|Any CPU.ActiveCfg = Release|Any CPU
		{038550C3-ACC5-4FA6-B9C8-366F71F15CAC}.Release|Any CPU.Build.0 = Release|Any CPU
		{B52AAC53-8D2E-45B1-A0C4-F6293379DF53}.Debug|Any CPU.ActiveCfg = Debug|Any CPU
		{B52AAC53-8D2E-45B1-A0C4-F6293379DF53}.Debug|Any CPU.Build.0 = Debug|Any CPU
		{B52AAC53-8D2E-45B1-A0C4-F6293379DF53}.Release|Any CPU.ActiveCfg = Release|Any CPU
		{B52AAC53-8D2E-45B1-A0C4-F6293379DF53}.Release|Any CPU.Build.0 = Release|Any CPU
		{BE2E5B6B-1DEC-4AD2-8649-2551E6EE4126}.Debug|Any CPU.ActiveCfg = Debug|Any CPU
		{BE2E5B6B-1DEC-4AD2-8649-2551E6EE4126}.Debug|Any CPU.Build.0 = Debug|Any CPU
		{BE2E5B6B-1DEC-4AD2-8649-2551E6EE4126}.Release|Any CPU.ActiveCfg = Release|Any CPU
		{BE2E5B6B-1DEC-4AD2-8649-2551E6EE4126}.Release|Any CPU.Build.0 = Release|Any CPU
		{42D38B5F-BE80-48B3-9EE6-FA11F524C6EE}.Debug|Any CPU.ActiveCfg = Debug|Any CPU
		{42D38B5F-BE80-48B3-9EE6-FA11F524C6EE}.Debug|Any CPU.Build.0 = Debug|Any CPU
		{42D38B5F-BE80-48B3-9EE6-FA11F524C6EE}.Release|Any CPU.ActiveCfg = Release|Any CPU
		{42D38B5F-BE80-48B3-9EE6-FA11F524C6EE}.Release|Any CPU.Build.0 = Release|Any CPU
		{47E2D613-6B19-49DA-97DB-F365AE027327}.Debug|Any CPU.ActiveCfg = Debug|Any CPU
		{47E2D613-6B19-49DA-97DB-F365AE027327}.Debug|Any CPU.Build.0 = Debug|Any CPU
		{47E2D613-6B19-49DA-97DB-F365AE027327}.Release|Any CPU.ActiveCfg = Release|Any CPU
		{47E2D613-6B19-49DA-97DB-F365AE027327}.Release|Any CPU.Build.0 = Release|Any CPU
		{E6693C38-3F24-485C-80E8-66092413C5E4}.Debug|Any CPU.ActiveCfg = Debug|Any CPU
		{E6693C38-3F24-485C-80E8-66092413C5E4}.Debug|Any CPU.Build.0 = Debug|Any CPU
		{E6693C38-3F24-485C-80E8-66092413C5E4}.Release|Any CPU.ActiveCfg = Release|Any CPU
		{E6693C38-3F24-485C-80E8-66092413C5E4}.Release|Any CPU.Build.0 = Release|Any CPU
		{AB963CB7-2BEC-4D64-AD22-C265FB2F2B7B}.Debug|Any CPU.ActiveCfg = Debug|Any CPU
		{AB963CB7-2BEC-4D64-AD22-C265FB2F2B7B}.Debug|Any CPU.Build.0 = Debug|Any CPU
		{AB963CB7-2BEC-4D64-AD22-C265FB2F2B7B}.Release|Any CPU.ActiveCfg = Release|Any CPU
		{AB963CB7-2BEC-4D64-AD22-C265FB2F2B7B}.Release|Any CPU.Build.0 = Release|Any CPU
	EndGlobalSection
	GlobalSection(SolutionProperties) = preSolution
		HideSolutionNode = FALSE
	EndGlobalSection
	GlobalSection(NestedProjects) = preSolution
		{88C6BDD9-95BF-462A-9585-C5CB14B1EB4D} = {D219B390-9D8C-4EF8-AE59-F0D47362F508}
		{B52AAC53-8D2E-45B1-A0C4-F6293379DF53} = {084E41B7-2029-4EB7-8CC3-EDBEE5C66534}
		{BE2E5B6B-1DEC-4AD2-8649-2551E6EE4126} = {084E41B7-2029-4EB7-8CC3-EDBEE5C66534}
		{42D38B5F-BE80-48B3-9EE6-FA11F524C6EE} = {084E41B7-2029-4EB7-8CC3-EDBEE5C66534}
		{47E2D613-6B19-49DA-97DB-F365AE027327} = {084E41B7-2029-4EB7-8CC3-EDBEE5C66534}
		{E6693C38-3F24-485C-80E8-66092413C5E4} = {084E41B7-2029-4EB7-8CC3-EDBEE5C66534}
		{C43F332F-A615-438C-8DAF-6DD04C84241A} = {88C6BDD9-95BF-462A-9585-C5CB14B1EB4D}
		{6AF6CF79-FC68-4BD1-93DA-141D37EF993D} = {88C6BDD9-95BF-462A-9585-C5CB14B1EB4D}
		{C629CDA6-C326-4058-8B03-893C7926FD0D} = {C43F332F-A615-438C-8DAF-6DD04C84241A}
		{7F64302A-616F-495C-9672-C1FCF2ACDB6A} = {C43F332F-A615-438C-8DAF-6DD04C84241A}
		{B21C69F4-81B4-4FA9-8DF7-685882C0BA3D} = {C43F332F-A615-438C-8DAF-6DD04C84241A}
		{C8826EBC-CA77-4268-8284-D9B96A8C97A2} = {C43F332F-A615-438C-8DAF-6DD04C84241A}
		{59F9393C-EBB6-48D7-B894-DD408E83E7F9} = {C8826EBC-CA77-4268-8284-D9B96A8C97A2}
		{BBCAA495-CF49-44E6-8C06-B0B8D8C5CECB} = {7F64302A-616F-495C-9672-C1FCF2ACDB6A}
		{AE95ED3D-FDAE-4F44-A1B0-7709C54A8428} = {C629CDA6-C326-4058-8B03-893C7926FD0D}
		{396189BC-44B8-42B3-A44E-CCA1D114F6CA} = {B21C69F4-81B4-4FA9-8DF7-685882C0BA3D}
		{45B733BC-F438-48FE-9601-8A7665A30C61} = {B21C69F4-81B4-4FA9-8DF7-685882C0BA3D}
		{038550C3-ACC5-4FA6-B9C8-366F71F15CAC} = {6AF6CF79-FC68-4BD1-93DA-141D37EF993D}
		{784CF392-FAC9-410B-9DFE-28A624E78015} = {D219B390-9D8C-4EF8-AE59-F0D47362F508}
		{AB963CB7-2BEC-4D64-AD22-C265FB2F2B7B} = {C8826EBC-CA77-4268-8284-D9B96A8C97A2}
	EndGlobalSection
	GlobalSection(ExtensibilityGlobals) = postSolution
		SolutionGuid = {04EE5569-4196-47F2-A52B-CF1049C542F2}
	EndGlobalSection
EndGlobal
